# This file is automatically @generated by Cargo.
# It is not intended for manual editing.
version = 4

[[package]]
name = "whirl-cli"
version = "0.1.0"
dependencies = [
 "whirl-core",
]

[[package]]
name = "whirl-core"
version = "0.1.0"

[[package]]
name = "whirl-worker"
version = "0.1.0"
dependencies = [
 "whirl-core",
]

[[package]]
name = "whirld"
version = "0.1.0"
dependencies = [
 "whirl-core",
]
